// !$*UTF8*$!
{
	archiveVersion = 1;
	classes = {
	};
	objectVersion = 46;
	objects = {

/* Begin PBXBuildFile section */
		AAA3D0BA1BE05A8500357E5D /* AppDelegate.swift in Sources */ = {isa = PBXBuildFile; fileRef = AAA3D0B91BE05A8500357E5D /* AppDelegate.swift */; };
		AAA3D0BC1BE05A8500357E5D /* ViewController.swift in Sources */ = {isa = PBXBuildFile; fileRef = AAA3D0BB1BE05A8500357E5D /* ViewController.swift */; };
		AAA3D0BF1BE05A8500357E5D /* Main.storyboard in Resources */ = {isa = PBXBuildFile; fileRef = AAA3D0BD1BE05A8500357E5D /* Main.storyboard */; };
		AAA3D0C11BE05A8500357E5D /* Assets.xcassets in Resources */ = {isa = PBXBuildFile; fileRef = AAA3D0C01BE05A8500357E5D /* Assets.xcassets */; };
		AAA3D0C41BE05A8500357E5D /* LaunchScreen.storyboard in Resources */ = {isa = PBXBuildFile; fileRef = AAA3D0C21BE05A8500357E5D /* LaunchScreen.storyboard */; };
		AAA3D0CF1BE05A8500357E5D /* iOSCalcTests.swift in Sources */ = {isa = PBXBuildFile; fileRef = AAA3D0CE1BE05A8500357E5D /* iOSCalcTests.swift */; };
		AAA3D0DA1BE05A8500357E5D /* iOSCalcUITests.swift in Sources */ = {isa = PBXBuildFile; fileRef = AAA3D0D91BE05A8500357E5D /* iOSCalcUITests.swift */; };
/* End PBXBuildFile section */

/* Begin PBXContainerItemProxy section */
		AAA3D0CB1BE05A8500357E5D /* PBXContainerItemProxy */ = {
			isa = PBXContainerItemProxy;
			containerPortal = AAA3D0AE1BE05A8400357E5D /* Project object */;
			proxyType = 1;
			remoteGlobalIDString = AAA3D0B51BE05A8500357E5D;
			remoteInfo = iOSCalc;
		};
		AAA3D0D61BE05A8500357E5D /* PBXContainerItemProxy */ = {
			isa = PBXContainerItemProxy;
			containerPortal = AAA3D0AE1BE05A8400357E5D /* Project object */;
			proxyType = 1;
			remoteGlobalIDString = AAA3D0B51BE05A8500357E5D;
			remoteInfo = iOSCalc;
		};
/* End PBXContainerItemProxy section */

/* Begin PBXFileReference section */
		AAA3D0B61BE05A8500357E5D /* iOSCalc.app */ = {isa = PBXFileReference; explicitFileType = wrapper.application; includeInIndex = 0; path = iOSCalc.app; sourceTree = BUILT_PRODUCTS_DIR; };
		AAA3D0B91BE05A8500357E5D /* AppDelegate.swift */ = {isa = PBXFileReference; lastKnownFileType = sourcecode.swift; path = AppDelegate.swift; sourceTree = "<group>"; };
		AAA3D0BB1BE05A8500357E5D /* ViewController.swift */ = {isa = PBXFileReference; lastKnownFileType = sourcecode.swift; path = ViewController.swift; sourceTree = "<group>"; };
		AAA3D0BE1BE05A8500357E5D /* Base */ = {isa = PBXFileReference; lastKnownFileType = file.storyboard; name = Base; path = Base.lproj/Main.storyboard; sourceTree = "<group>"; };
		AAA3D0C01BE05A8500357E5D /* Assets.xcassets */ = {isa = PBXFileReference; lastKnownFileType = folder.assetcatalog; path = Assets.xcassets; sourceTree = "<group>"; };
		AAA3D0C31BE05A8500357E5D /* Base */ = {isa = PBXFileReference; lastKnownFileType = file.storyboard; name = Base; path = Base.lproj/LaunchScreen.storyboard; sourceTree = "<group>"; };
		AAA3D0C51BE05A8500357E5D /* Info.plist */ = {isa = PBXFileReference; lastKnownFileType = text.plist.xml; path = Info.plist; sourceTree = "<group>"; };
		AAA3D0CA1BE05A8500357E5D /* iOSCalcTests.xctest */ = {isa = PBXFileReference; explicitFileType = wrapper.cfbundle; includeInIndex = 0; path = iOSCalcTests.xctest; sourceTree = BUILT_PRODUCTS_DIR; };
		AAA3D0CE1BE05A8500357E5D /* iOSCalcTests.swift */ = {isa = PBXFileReference; lastKnownFileType = sourcecode.swift; path = iOSCalcTests.swift; sourceTree = "<group>"; };
		AAA3D0D01BE05A8500357E5D /* Info.plist */ = {isa = PBXFileReference; lastKnownFileType = text.plist.xml; path = Info.plist; sourceTree = "<group>"; };
		AAA3D0D51BE05A8500357E5D /* iOSCalcUITests.xctest */ = {isa = PBXFileReference; explicitFileType = wrapper.cfbundle; includeInIndex = 0; path = iOSCalcUITests.xctest; sourceTree = BUILT_PRODUCTS_DIR; };
		AAA3D0D91BE05A8500357E5D /* iOSCalcUITests.swift */ = {isa = PBXFileReference; lastKnownFileType = sourcecode.swift; path = iOSCalcUITests.swift; sourceTree = "<group>"; };
		AAA3D0DB1BE05A8500357E5D /* Info.plist */ = {isa = PBXFileReference; lastKnownFileType = text.plist.xml; path = Info.plist; sourceTree = "<group>"; };
/* End PBXFileReference section */

/* Begin PBXFrameworksBuildPhase section */
		AAA3D0B31BE05A8500357E5D /* Frameworks */ = {
			isa = PBXFrameworksBuildPhase;
			buildActionMask = 2147483647;
			files = (
			);
			runOnlyForDeploymentPostprocessing = 0;
		};
		AAA3D0C71BE05A8500357E5D /* Frameworks */ = {
			isa = PBXFrameworksBuildPhase;
			buildActionMask = 2147483647;
			files = (
			);
			runOnlyForDeploymentPostprocessing = 0;
		};
		AAA3D0D21BE05A8500357E5D /* Frameworks */ = {
			isa = PBXFrameworksBuildPhase;
			buildActionMask = 2147483647;
			files = (
			);
			runOnlyForDeploymentPostprocessing = 0;
		};
/* End PBXFrameworksBuildPhase section */

/* Begin PBXGroup section */
		AAA3D0AD1BE05A8400357E5D = {
			isa = PBXGroup;
			children = (
				AAA3D0B81BE05A8500357E5D /* iOSCalc */,
				AAA3D0CD1BE05A8500357E5D /* iOSCalcTests */,
				AAA3D0D81BE05A8500357E5D /* iOSCalcUITests */,
				AAA3D0B71BE05A8500357E5D /* Products */,
			);
			sourceTree = "<group>";
		};
		AAA3D0B71BE05A8500357E5D /* Products */ = {
			isa = PBXGroup;
			children = (
				AAA3D0B61BE05A8500357E5D /* iOSCalc.app */,
				AAA3D0CA1BE05A8500357E5D /* iOSCalcTests.xctest */,
				AAA3D0D51BE05A8500357E5D /* iOSCalcUITests.xctest */,
			);
			name = Products;
			sourceTree = "<group>";
		};
		AAA3D0B81BE05A8500357E5D /* iOSCalc */ = {
			isa = PBXGroup;
			children = (
				AAA3D0B91BE05A8500357E5D /* AppDelegate.swift */,
				AAA3D0BB1BE05A8500357E5D /* ViewController.swift */,
				AAA3D0BD1BE05A8500357E5D /* Main.storyboard */,
				AAA3D0C01BE05A8500357E5D /* Assets.xcassets */,
				AAA3D0C21BE05A8500357E5D /* LaunchScreen.storyboard */,
				AAA3D0C51BE05A8500357E5D /* Info.plist */,
			);
			path = iOSCalc;
			sourceTree = "<group>";
		};
		AAA3D0CD1BE05A8500357E5D /* iOSCalcTests */ = {
			isa = PBXGroup;
			children = (
				AAA3D0CE1BE05A8500357E5D /* iOSCalcTests.swift */,
				AAA3D0D01BE05A8500357E5D /* Info.plist */,
			);
			path = iOSCalcTests;
			sourceTree = "<group>";
		};
		AAA3D0D81BE05A8500357E5D /* iOSCalcUITests */ = {
			isa = PBXGroup;
			children = (
				AAA3D0D91BE05A8500357E5D /* iOSCalcUITests.swift */,
				AAA3D0DB1BE05A8500357E5D /* Info.plist */,
			);
			path = iOSCalcUITests;
			sourceTree = "<group>";
		};
/* End PBXGroup section */

/* Begin PBXNativeTarget section */
		AAA3D0B51BE05A8500357E5D /* iOSCalc */ = {
			isa = PBXNativeTarget;
			buildConfigurationList = AAA3D0DE1BE05A8500357E5D /* Build configuration list for PBXNativeTarget "iOSCalc" */;
			buildPhases = (
				AAA3D0B21BE05A8500357E5D /* Sources */,
				AAA3D0B31BE05A8500357E5D /* Frameworks */,
				AAA3D0B41BE05A8500357E5D /* Resources */,
			);
			buildRules = (
			);
			dependencies = (
			);
			name = iOSCalc;
			productName = iOSCalc;
			productReference = AAA3D0B61BE05A8500357E5D /* iOSCalc.app */;
			productType = "com.apple.product-type.application";
		};
		AAA3D0C91BE05A8500357E5D /* iOSCalcTests */ = {
			isa = PBXNativeTarget;
			buildConfigurationList = AAA3D0E11BE05A8500357E5D /* Build configuration list for PBXNativeTarget "iOSCalcTests" */;
			buildPhases = (
				AAA3D0C61BE05A8500357E5D /* Sources */,
				AAA3D0C71BE05A8500357E5D /* Frameworks */,
				AAA3D0C81BE05A8500357E5D /* Resources */,
			);
			buildRules = (
			);
			dependencies = (
				AAA3D0CC1BE05A8500357E5D /* PBXTargetDependency */,
			);
			name = iOSCalcTests;
			productName = iOSCalcTests;
			productReference = AAA3D0CA1BE05A8500357E5D /* iOSCalcTests.xctest */;
			productType = "com.apple.product-type.bundle.unit-test";
		};
		AAA3D0D41BE05A8500357E5D /* iOSCalcUITests */ = {
			isa = PBXNativeTarget;
			buildConfigurationList = AAA3D0E41BE05A8500357E5D /* Build configuration list for PBXNativeTarget "iOSCalcUITests" */;
			buildPhases = (
				AAA3D0D11BE05A8500357E5D /* Sources */,
				AAA3D0D21BE05A8500357E5D /* Frameworks */,
				AAA3D0D31BE05A8500357E5D /* Resources */,
			);
			buildRules = (
			);
			dependencies = (
				AAA3D0D71BE05A8500357E5D /* PBXTargetDependency */,
			);
			name = iOSCalcUITests;
			productName = iOSCalcUITests;
			productReference = AAA3D0D51BE05A8500357E5D /* iOSCalcUITests.xctest */;
			productType = "com.apple.product-type.bundle.ui-testing";
		};
/* End PBXNativeTarget section */

/* Begin PBXProject section */
		AAA3D0AE1BE05A8400357E5D /* Project object */ = {
			isa = PBXProject;
			attributes = {
				LastUpgradeCheck = 0700;
				ORGANIZATIONNAME = "Kevin Ly";
				TargetAttributes = {
					AAA3D0B51BE05A8500357E5D = {
						CreatedOnToolsVersion = 7.0;
					};
					AAA3D0C91BE05A8500357E5D = {
						CreatedOnToolsVersion = 7.0;
						TestTargetID = AAA3D0B51BE05A8500357E5D;
					};
					AAA3D0D41BE05A8500357E5D = {
						CreatedOnToolsVersion = 7.0;
						TestTargetID = AAA3D0B51BE05A8500357E5D;
					};
				};
			};
			buildConfigurationList = AAA3D0B11BE05A8500357E5D /* Build configuration list for PBXProject "iOSCalc" */;
			compatibilityVersion = "Xcode 3.2";
			developmentRegion = English;
			hasScannedForEncodings = 0;
			knownRegions = (
				en,
				Base,
			);
			mainGroup = AAA3D0AD1BE05A8400357E5D;
			productRefGroup = AAA3D0B71BE05A8500357E5D /* Products */;
			projectDirPath = "";
			projectRoot = "";
			targets = (
				AAA3D0B51BE05A8500357E5D /* iOSCalc */,
				AAA3D0C91BE05A8500357E5D /* iOSCalcTests */,
				AAA3D0D41BE05A8500357E5D /* iOSCalcUITests */,
			);
		};
/* End PBXProject section */

/* Begin PBXResourcesBuildPhase section */
		AAA3D0B41BE05A8500357E5D /* Resources */ = {
			isa = PBXResourcesBuildPhase;
			buildActionMask = 2147483647;
			files = (
				AAA3D0C41BE05A8500357E5D /* LaunchScreen.storyboard in Resources */,
				AAA3D0C11BE05A8500357E5D /* Assets.xcassets in Resources */,
				AAA3D0BF1BE05A8500357E5D /* Main.storyboard in Resources */,
			);
			runOnlyForDeploymentPostprocessing = 0;
		};
		AAA3D0C81BE05A8500357E5D /* Resources */ = {
			isa = PBXResourcesBuildPhase;
			buildActionMask = 2147483647;
			files = (
			);
			runOnlyForDeploymentPostprocessing = 0;
		};
		AAA3D0D31BE05A8500357E5D /* Resources */ = {
			isa = PBXResourcesBuildPhase;
			buildActionMask = 2147483647;
			files = (
			);
			runOnlyForDeploymentPostprocessing = 0;
		};
/* End PBXResourcesBuildPhase section */

/* Begin PBXSourcesBuildPhase section */
		AAA3D0B21BE05A8500357E5D /* Sources */ = {
			isa = PBXSourcesBuildPhase;
			buildActionMask = 2147483647;
			files = (
				AAA3D0BC1BE05A8500357E5D /* ViewController.swift in Sources */,
				AAA3D0BA1BE05A8500357E5D /* AppDelegate.swift in Sources */,
			);
			runOnlyForDeploymentPostprocessing = 0;
		};
		AAA3D0C61BE05A8500357E5D /* Sources */ = {
			isa = PBXSourcesBuildPhase;
			buildActionMask = 2147483647;
			files = (
				AAA3D0CF1BE05A8500357E5D /* iOSCalcTests.swift in Sources */,
			);
			runOnlyForDeploymentPostprocessing = 0;
		};
		AAA3D0D11BE05A8500357E5D /* Sources */ = {
			isa = PBXSourcesBuildPhase;
			buildActionMask = 2147483647;
			files = (
				AAA3D0DA1BE05A8500357E5D /* iOSCalcUITests.swift in Sources */,
			);
			runOnlyForDeploymentPostprocessing = 0;
		};
/* End PBXSourcesBuildPhase section */

/* Begin PBXTargetDependency section */
		AAA3D0CC1BE05A8500357E5D /* PBXTargetDependency */ = {
			isa = PBXTargetDependency;
			target = AAA3D0B51BE05A8500357E5D /* iOSCalc */;
			targetProxy = AAA3D0CB1BE05A8500357E5D /* PBXContainerItemProxy */;
		};
		AAA3D0D71BE05A8500357E5D /* PBXTargetDependency */ = {
			isa = PBXTargetDependency;
			target = AAA3D0B51BE05A8500357E5D /* iOSCalc */;
			targetProxy = AAA3D0D61BE05A8500357E5D /* PBXContainerItemProxy */;
		};
/* End PBXTargetDependency section */

/* Begin PBXVariantGroup section */
		AAA3D0BD1BE05A8500357E5D /* Main.storyboard */ = {
			isa = PBXVariantGroup;
			children = (
				AAA3D0BE1BE05A8500357E5D /* Base */,
			);
			name = Main.storyboard;
			sourceTree = "<group>";
		};
		AAA3D0C21BE05A8500357E5D /* LaunchScreen.storyboard */ = {
			isa = PBXVariantGroup;
			children = (
				AAA3D0C31BE05A8500357E5D /* Base */,
			);
			name = LaunchScreen.storyboard;
			sourceTree = "<group>";
		};
/* End PBXVariantGroup section */

/* Begin XCBuildConfiguration section */
		AAA3D0DC1BE05A8500357E5D /* Debug */ = {
			isa = XCBuildConfiguration;
			buildSettings = {
				ALWAYS_SEARCH_USER_PATHS = NO;
				CLANG_CXX_LANGUAGE_STANDARD = "gnu++0x";
				CLANG_CXX_LIBRARY = "libc++";
				CLANG_ENABLE_MODULES = YES;
				CLANG_ENABLE_OBJC_ARC = YES;
				CLANG_WARN_BOOL_CONVERSION = YES;
				CLANG_WARN_CONSTANT_CONVERSION = YES;
				CLANG_WARN_DIRECT_OBJC_ISA_USAGE = YES_ERROR;
				CLANG_WARN_EMPTY_BODY = YES;
				CLANG_WARN_ENUM_CONVERSION = YES;
				CLANG_WARN_INT_CONVERSION = YES;
				CLANG_WARN_OBJC_ROOT_CLASS = YES_ERROR;
				CLANG_WARN_UNREACHABLE_CODE = YES;
				CLANG_WARN__DUPLICATE_METHOD_MATCH = YES;
				"CODE_SIGN_IDENTITY[sdk=iphoneos*]" = "iPhone Developer";
				COPY_PHASE_STRIP = NO;
				DEBUG_INFORMATION_FORMAT = dwarf;
				ENABLE_STRICT_OBJC_MSGSEND = YES;
				ENABLE_TESTABILITY = YES;
				GCC_C_LANGUAGE_STANDARD = gnu99;
				GCC_DYNAMIC_NO_PIC = NO;
				GCC_NO_COMMON_BLOCKS = YES;
				GCC_OPTIMIZATION_LEVEL = 0;
				GCC_PREPROCESSOR_DEFINITIONS = (
					"DEBUG=1",
					"$(inherited)",
				);
				GCC_WARN_64_TO_32_BIT_CONVERSION = YES;
				GCC_WARN_ABOUT_RETURN_TYPE = YES_ERROR;
				GCC_WARN_UNDECLARED_SELECTOR = YES;
				GCC_WARN_UNINITIALIZED_AUTOS = YES_AGGRESSIVE;
				GCC_WARN_UNUSED_FUNCTION = YES;
				GCC_WARN_UNUSED_VARIABLE = YES;
				IPHONEOS_DEPLOYMENT_TARGET = 9.0;
				MTL_ENABLE_DEBUG_INFO = YES;
				ONLY_ACTIVE_ARCH = YES;
				SDKROOT = iphoneos;
				SWIFT_OPTIMIZATION_LEVEL = "-Onone";
			};
			name = Debug;
		};
		AAA3D0DD1BE05A8500357E5D /* Release */ = {
			isa = XCBuildConfiguration;
			buildSettings = {
				ALWAYS_SEARCH_USER_PATHS = NO;
				CLANG_CXX_LANGUAGE_STANDARD = "gnu++0x";
				CLANG_CXX_LIBRARY = "libc++";
				CLANG_ENABLE_MODULES = YES;
				CLANG_ENABLE_OBJC_ARC = YES;
				CLANG_WARN_BOOL_CONVERSION = YES;
				CLANG_WARN_CONSTANT_CONVERSION = YES;
				CLANG_WARN_DIRECT_OBJC_ISA_USAGE = YES_ERROR;
				CLANG_WARN_EMPTY_BODY = YES;
				CLANG_WARN_ENUM_CONVERSION = YES;
				CLANG_WARN_INT_CONVERSION = YES;
				CLANG_WARN_OBJC_ROOT_CLASS = YES_ERROR;
				CLANG_WARN_UNREACHABLE_CODE = YES;
				CLANG_WARN__DUPLICATE_METHOD_MATCH = YES;
				"CODE_SIGN_IDENTITY[sdk=iphoneos*]" = "iPhone Developer";
				COPY_PHASE_STRIP = NO;
				DEBUG_INFORMATION_FORMAT = "dwarf-with-dsym";
				ENABLE_NS_ASSERTIONS = NO;
				ENABLE_STRICT_OBJC_MSGSEND = YES;
				GCC_C_LANGUAGE_STANDARD = gnu99;
				GCC_NO_COMMON_BLOCKS = YES;
				GCC_WARN_64_TO_32_BIT_CONVERSION = YES;
				GCC_WARN_ABOUT_RETURN_TYPE = YES_ERROR;
				GCC_WARN_UNDECLARED_SELECTOR = YES;
				GCC_WARN_UNINITIALIZED_AUTOS = YES_AGGRESSIVE;
				GCC_WARN_UNUSED_FUNCTION = YES;
				GCC_WARN_UNUSED_VARIABLE = YES;
				IPHONEOS_DEPLOYMENT_TARGET = 9.0;
				MTL_ENABLE_DEBUG_INFO = NO;
				SDKROOT = iphoneos;
				VALIDATE_PRODUCT = YES;
			};
			name = Release;
		};
		AAA3D0DF1BE05A8500357E5D /* Debug */ = {
			isa = XCBuildConfiguration;
			buildSettings = {
				ASSETCATALOG_COMPILER_APPICON_NAME = AppIcon;
				INFOPLIST_FILE = iOSCalc/Info.plist;
				LD_RUNPATH_SEARCH_PATHS = "$(inherited) @executable_path/Frameworks";
				PRODUCT_BUNDLE_IDENTIFIER = edu.uw.kevinly7.iOSCalc;
				PRODUCT_NAME = "$(TARGET_NAME)";
			};
			name = Debug;
		};
		AAA3D0E01BE05A8500357E5D /* Release */ = {
			isa = XCBuildConfiguration;
			buildSettings = {
				ASSETCATALOG_COMPILER_APPICON_NAME = AppIcon;
				INFOPLIST_FILE = iOSCalc/Info.plist;
				LD_RUNPATH_SEARCH_PATHS = "$(inherited) @executable_path/Frameworks";
				PRODUCT_BUNDLE_IDENTIFIER = edu.uw.kevinly7.iOSCalc;
				PRODUCT_NAME = "$(TARGET_NAME)";
			};
			name = Release;
		};
		AAA3D0E21BE05A8500357E5D /* Debug */ = {
			isa = XCBuildConfiguration;
			buildSettings = {
				BUNDLE_LOADER = "$(TEST_HOST)";
				INFOPLIST_FILE = iOSCalcTests/Info.plist;
				LD_RUNPATH_SEARCH_PATHS = "$(inherited) @executable_path/Frameworks @loader_path/Frameworks";
				PRODUCT_BUNDLE_IDENTIFIER = edu.uw.kevinly7.iOSCalcTests;
				PRODUCT_NAME = "$(TARGET_NAME)";
				TEST_HOST = "$(BUILT_PRODUCTS_DIR)/iOSCalc.app/iOSCalc";
			};
			name = Debug;
		};
		AAA3D0E31BE05A8500357E5D /* Release */ = {
			isa = XCBuildConfiguration;
			buildSettings = {
				BUNDLE_LOADER = "$(TEST_HOST)";
				INFOPLIST_FILE = iOSCalcTests/Info.plist;
				LD_RUNPATH_SEARCH_PATHS = "$(inherited) @executable_path/Frameworks @loader_path/Frameworks";
				PRODUCT_BUNDLE_IDENTIFIER = edu.uw.kevinly7.iOSCalcTests;
				PRODUCT_NAME = "$(TARGET_NAME)";
				TEST_HOST = "$(BUILT_PRODUCTS_DIR)/iOSCalc.app/iOSCalc";
			};
			name = Release;
		};
		AAA3D0E51BE05A8500357E5D /* Debug */ = {
			isa = XCBuildConfiguration;
			buildSettings = {
				INFOPLIST_FILE = iOSCalcUITests/Info.plist;
				LD_RUNPATH_SEARCH_PATHS = "$(inherited) @executable_path/Frameworks @loader_path/Frameworks";
				PRODUCT_BUNDLE_IDENTIFIER = edu.uw.kevinly7.iOSCalcUITests;
				PRODUCT_NAME = "$(TARGET_NAME)";
				TEST_TARGET_NAME = iOSCalc;
				USES_XCTRUNNER = YES;
			};
			name = Debug;
		};
		AAA3D0E61BE05A8500357E5D /* Release */ = {
			isa = XCBuildConfiguration;
			buildSettings = {
				INFOPLIST_FILE = iOSCalcUITests/Info.plist;
				LD_RUNPATH_SEARCH_PATHS = "$(inherited) @executable_path/Frameworks @loader_path/Frameworks";
				PRODUCT_BUNDLE_IDENTIFIER = edu.uw.kevinly7.iOSCalcUITests;
				PRODUCT_NAME = "$(TARGET_NAME)";
				TEST_TARGET_NAME = iOSCalc;
				USES_XCTRUNNER = YES;
			};
			name = Release;
		};
/* End XCBuildConfiguration section */

/* Begin XCConfigurationList section */
		AAA3D0B11BE05A8500357E5D /* Build configuration list for PBXProject "iOSCalc" */ = {
			isa = XCConfigurationList;
			buildConfigurations = (
				AAA3D0DC1BE05A8500357E5D /* Debug */,
				AAA3D0DD1BE05A8500357E5D /* Release */,
			);
			defaultConfigurationIsVisible = 0;
			defaultConfigurationName = Release;
		};
		AAA3D0DE1BE05A8500357E5D /* Build configuration list for PBXNativeTarget "iOSCalc" */ = {
			isa = XCConfigurationList;
			buildConfigurations = (
				AAA3D0DF1BE05A8500357E5D /* Debug */,
				AAA3D0E01BE05A8500357E5D /* Release */,
			);
			defaultConfigurationIsVisible = 0;
		};
		AAA3D0E11BE05A8500357E5D /* Build configuration list for PBXNativeTarget "iOSCalcTests" */ = {
			isa = XCConfigurationList;
			buildConfigurations = (
				AAA3D0E21BE05A8500357E5D /* Debug */,
				AAA3D0E31BE05A8500357E5D /* Release */,
			);
			defaultConfigurationIsVisible = 0;
		};
		AAA3D0E41BE05A8500357E5D /* Build configuration list for PBXNativeTarget "iOSCalcUITests" */ = {
			isa = XCConfigurationList;
			buildConfigurations = (
				AAA3D0E51BE05A8500357E5D /* Debug */,
				AAA3D0E61BE05A8500357E5D /* Release */,
			);
			defaultConfigurationIsVisible = 0;
		};
/* End XCConfigurationList section */
	};
	rootObject = AAA3D0AE1BE05A8400357E5D /* Project object */;
}
